// !$*UTF8*$!
{
	archiveVersion = 1;
	classes = {
	};
	objectVersion = 46;
	objects = {

/* Begin PBXBuildFile section */
		AC8546FF1A440A8400656164 /* PopupActivityItem.m in Sources */ = {isa = PBXBuildFile; fileRef = AC8546FE1A440A8400656164 /* PopupActivityItem.m */; };
		AC8547021A441C6800656164 /* CustomizeItem.m in Sources */ = {isa = PBXBuildFile; fileRef = AC8547011A441C6800656164 /* CustomizeItem.m */; };
		ACBA2D101A41A48D009AF36A /* main.m in Sources */ = {isa = PBXBuildFile; fileRef = ACBA2D0F1A41A48D009AF36A /* main.m */; };
		ACBA2D131A41A48D009AF36A /* AppDelegate.m in Sources */ = {isa = PBXBuildFile; fileRef = ACBA2D121A41A48D009AF36A /* AppDelegate.m */; };
		ACBA2D161A41A48D009AF36A /* ViewController.m in Sources */ = {isa = PBXBuildFile; fileRef = ACBA2D151A41A48D009AF36A /* ViewController.m */; };
		ACBA2D191A41A48D009AF36A /* Main.storyboard in Resources */ = {isa = PBXBuildFile; fileRef = ACBA2D171A41A48D009AF36A /* Main.storyboard */; };
		ACBA2D1B1A41A48D009AF36A /* Images.xcassets in Resources */ = {isa = PBXBuildFile; fileRef = ACBA2D1A1A41A48D009AF36A /* Images.xcassets */; };
		ACBA2D1E1A41A48D009AF36A /* LaunchScreen.xib in Resources */ = {isa = PBXBuildFile; fileRef = ACBA2D1C1A41A48D009AF36A /* LaunchScreen.xib */; };
		ACBA2D2A1A41A48D009AF36A /* PopupActivityViewTests.m in Sources */ = {isa = PBXBuildFile; fileRef = ACBA2D291A41A48D009AF36A /* PopupActivityViewTests.m */; };
		ACBA2D361A41A4D7009AF36A /* PopupActivityView.m in Sources */ = {isa = PBXBuildFile; fileRef = ACBA2D351A41A4D7009AF36A /* PopupActivityView.m */; };
/* End PBXBuildFile section */

/* Begin PBXContainerItemProxy section */
		ACBA2D241A41A48D009AF36A /* PBXContainerItemProxy */ = {
			isa = PBXContainerItemProxy;
			containerPortal = ACBA2D021A41A48D009AF36A /* Project object */;
			proxyType = 1;
			remoteGlobalIDString = ACBA2D091A41A48D009AF36A;
			remoteInfo = PopupActivityView;
		};
/* End PBXContainerItemProxy section */

/* Begin PBXFileReference section */
		AC8546FD1A440A8400656164 /* PopupActivityItem.h */ = {isa = PBXFileReference; fileEncoding = 4; lastKnownFileType = sourcecode.c.h; path = PopupActivityItem.h; sourceTree = "<group>"; };
		AC8546FE1A440A8400656164 /* PopupActivityItem.m */ = {isa = PBXFileReference; fileEncoding = 4; lastKnownFileType = sourcecode.c.objc; path = PopupActivityItem.m; sourceTree = "<group>"; };
		AC8547001A441C6800656164 /* CustomizeItem.h */ = {isa = PBXFileReference; fileEncoding = 4; lastKnownFileType = sourcecode.c.h; path = CustomizeItem.h; sourceTree = "<group>"; };
		AC8547011A441C6800656164 /* CustomizeItem.m */ = {isa = PBXFileReference; fileEncoding = 4; lastKnownFileType = sourcecode.c.objc; path = CustomizeItem.m; sourceTree = "<group>"; };
		ACBA2D0A1A41A48D009AF36A /* PopupActivityView.app */ = {isa = PBXFileReference; explicitFileType = wrapper.application; includeInIndex = 0; path = PopupActivityView.app; sourceTree = BUILT_PRODUCTS_DIR; };
		ACBA2D0E1A41A48D009AF36A /* Info.plist */ = {isa = PBXFileReference; lastKnownFileType = text.plist.xml; path = Info.plist; sourceTree = "<group>"; };
		ACBA2D0F1A41A48D009AF36A /* main.m */ = {isa = PBXFileReference; lastKnownFileType = sourcecode.c.objc; path = main.m; sourceTree = "<group>"; };
		ACBA2D111A41A48D009AF36A /* AppDelegate.h */ = {isa = PBXFileReference; lastKnownFileType = sourcecode.c.h; path = AppDelegate.h; sourceTree = "<group>"; };
		ACBA2D121A41A48D009AF36A /* AppDelegate.m */ = {isa = PBXFileReference; lastKnownFileType = sourcecode.c.objc; path = AppDelegate.m; sourceTree = "<group>"; };
		ACBA2D141A41A48D009AF36A /* ViewController.h */ = {isa = PBXFileReference; lastKnownFileType = sourcecode.c.h; path = ViewController.h; sourceTree = "<group>"; };
		ACBA2D151A41A48D009AF36A /* ViewController.m */ = {isa = PBXFileReference; lastKnownFileType = sourcecode.c.objc; path = ViewController.m; sourceTree = "<group>"; };
		ACBA2D181A41A48D009AF36A /* Base */ = {isa = PBXFileReference; lastKnownFileType = file.storyboard; name = Base; path = Base.lproj/Main.storyboard; sourceTree = "<group>"; };
		ACBA2D1A1A41A48D009AF36A /* Images.xcassets */ = {isa = PBXFileReference; lastKnownFileType = folder.assetcatalog; path = Images.xcassets; sourceTree = "<group>"; };
		ACBA2D1D1A41A48D009AF36A /* Base */ = {isa = PBXFileReference; lastKnownFileType = file.xib; name = Base; path = Base.lproj/LaunchScreen.xib; sourceTree = "<group>"; };
		ACBA2D231A41A48D009AF36A /* PopupActivityViewTests.xctest */ = {isa = PBXFileReference; explicitFileType = wrapper.cfbundle; includeInIndex = 0; path = PopupActivityViewTests.xctest; sourceTree = BUILT_PRODUCTS_DIR; };
		ACBA2D281A41A48D009AF36A /* Info.plist */ = {isa = PBXFileReference; lastKnownFileType = text.plist.xml; path = Info.plist; sourceTree = "<group>"; };
		ACBA2D291A41A48D009AF36A /* PopupActivityViewTests.m */ = {isa = PBXFileReference; lastKnownFileType = sourcecode.c.objc; path = PopupActivityViewTests.m; sourceTree = "<group>"; };
		ACBA2D341A41A4D7009AF36A /* PopupActivityView.h */ = {isa = PBXFileReference; fileEncoding = 4; lastKnownFileType = sourcecode.c.h; path = PopupActivityView.h; sourceTree = "<group>"; };
		ACBA2D351A41A4D7009AF36A /* PopupActivityView.m */ = {isa = PBXFileReference; fileEncoding = 4; lastKnownFileType = sourcecode.c.objc; path = PopupActivityView.m; sourceTree = "<group>"; };
/* End PBXFileReference section */

/* Begin PBXFrameworksBuildPhase section */
		ACBA2D071A41A48D009AF36A /* Frameworks */ = {
			isa = PBXFrameworksBuildPhase;
			buildActionMask = 2147483647;
			files = (
			);
			runOnlyForDeploymentPostprocessing = 0;
		};
		ACBA2D201A41A48D009AF36A /* Frameworks */ = {
			isa = PBXFrameworksBuildPhase;
			buildActionMask = 2147483647;
			files = (
			);
			runOnlyForDeploymentPostprocessing = 0;
		};
/* End PBXFrameworksBuildPhase section */

/* Begin PBXGroup section */
		ACBA2D011A41A48D009AF36A = {
			isa = PBXGroup;
			children = (
				ACBA2D0C1A41A48D009AF36A /* PopupActivityView */,
				ACBA2D261A41A48D009AF36A /* PopupActivityViewTests */,
				ACBA2D0B1A41A48D009AF36A /* Products */,
			);
			sourceTree = "<group>";
		};
		ACBA2D0B1A41A48D009AF36A /* Products */ = {
			isa = PBXGroup;
			children = (
				ACBA2D0A1A41A48D009AF36A /* PopupActivityView.app */,
				ACBA2D231A41A48D009AF36A /* PopupActivityViewTests.xctest */,
			);
			name = Products;
			sourceTree = "<group>";
		};
		ACBA2D0C1A41A48D009AF36A /* PopupActivityView */ = {
			isa = PBXGroup;
			children = (
				ACBA2D331A41A4BF009AF36A /* PopActivityView */,
				ACBA2D111A41A48D009AF36A /* AppDelegate.h */,
				ACBA2D121A41A48D009AF36A /* AppDelegate.m */,
				ACBA2D141A41A48D009AF36A /* ViewController.h */,
				ACBA2D151A41A48D009AF36A /* ViewController.m */,
				ACBA2D171A41A48D009AF36A /* Main.storyboard */,
				ACBA2D1A1A41A48D009AF36A /* Images.xcassets */,
				ACBA2D1C1A41A48D009AF36A /* LaunchScreen.xib */,
				ACBA2D0D1A41A48D009AF36A /* Supporting Files */,
				AC8547001A441C6800656164 /* CustomizeItem.h */,
				AC8547011A441C6800656164 /* CustomizeItem.m */,
			);
			path = PopupActivityView;
			sourceTree = "<group>";
		};
		ACBA2D0D1A41A48D009AF36A /* Supporting Files */ = {
			isa = PBXGroup;
			children = (
				ACBA2D0E1A41A48D009AF36A /* Info.plist */,
				ACBA2D0F1A41A48D009AF36A /* main.m */,
			);
			name = "Supporting Files";
			sourceTree = "<group>";
		};
		ACBA2D261A41A48D009AF36A /* PopupActivityViewTests */ = {
			isa = PBXGroup;
			children = (
				ACBA2D291A41A48D009AF36A /* PopupActivityViewTests.m */,
				ACBA2D271A41A48D009AF36A /* Supporting Files */,
			);
			path = PopupActivityViewTests;
			sourceTree = "<group>";
		};
		ACBA2D271A41A48D009AF36A /* Supporting Files */ = {
			isa = PBXGroup;
			children = (
				ACBA2D281A41A48D009AF36A /* Info.plist */,
			);
			name = "Supporting Files";
			sourceTree = "<group>";
		};
		ACBA2D331A41A4BF009AF36A /* PopActivityView */ = {
			isa = PBXGroup;
			children = (
				ACBA2D341A41A4D7009AF36A /* PopupActivityView.h */,
				ACBA2D351A41A4D7009AF36A /* PopupActivityView.m */,
				AC8546FD1A440A8400656164 /* PopupActivityItem.h */,
				AC8546FE1A440A8400656164 /* PopupActivityItem.m */,
			);
			path = PopActivityView;
			sourceTree = "<group>";
		};
/* End PBXGroup section */

/* Begin PBXNativeTarget section */
		ACBA2D091A41A48D009AF36A /* PopupActivityView */ = {
			isa = PBXNativeTarget;
			buildConfigurationList = ACBA2D2D1A41A48D009AF36A /* Build configuration list for PBXNativeTarget "PopupActivityView" */;
			buildPhases = (
				ACBA2D061A41A48D009AF36A /* Sources */,
				ACBA2D071A41A48D009AF36A /* Frameworks */,
				ACBA2D081A41A48D009AF36A /* Resources */,
			);
			buildRules = (
			);
			dependencies = (
			);
			name = PopupActivityView;
			productName = PopupActivityView;
			productReference = ACBA2D0A1A41A48D009AF36A /* PopupActivityView.app */;
			productType = "com.apple.product-type.application";
		};
		ACBA2D221A41A48D009AF36A /* PopupActivityViewTests */ = {
			isa = PBXNativeTarget;
			buildConfigurationList = ACBA2D301A41A48D009AF36A /* Build configuration list for PBXNativeTarget "PopupActivityViewTests" */;
			buildPhases = (
				ACBA2D1F1A41A48D009AF36A /* Sources */,
				ACBA2D201A41A48D009AF36A /* Frameworks */,
				ACBA2D211A41A48D009AF36A /* Resources */,
			);
			buildRules = (
			);
			dependencies = (
				ACBA2D251A41A48D009AF36A /* PBXTargetDependency */,
			);
			name = PopupActivityViewTests;
			productName = PopupActivityViewTests;
			productReference = ACBA2D231A41A48D009AF36A /* PopupActivityViewTests.xctest */;
			productType = "com.apple.product-type.bundle.unit-test";
		};
/* End PBXNativeTarget section */

/* Begin PBXProject section */
		ACBA2D021A41A48D009AF36A /* Project object */ = {
			isa = PBXProject;
			attributes = {
				LastUpgradeCheck = 0610;
				ORGANIZATIONNAME = Canymebee;
				TargetAttributes = {
					ACBA2D091A41A48D009AF36A = {
						CreatedOnToolsVersion = 6.1;
					};
					ACBA2D221A41A48D009AF36A = {
						CreatedOnToolsVersion = 6.1;
						TestTargetID = ACBA2D091A41A48D009AF36A;
					};
				};
			};
			buildConfigurationList = ACBA2D051A41A48D009AF36A /* Build configuration list for PBXProject "PopupActivityView" */;
			compatibilityVersion = "Xcode 3.2";
			developmentRegion = English;
			hasScannedForEncodings = 0;
			knownRegions = (
				en,
				Base,
			);
			mainGroup = ACBA2D011A41A48D009AF36A;
			productRefGroup = ACBA2D0B1A41A48D009AF36A /* Products */;
			projectDirPath = "";
			projectRoot = "";
			targets = (
				ACBA2D091A41A48D009AF36A /* PopupActivityView */,
				ACBA2D221A41A48D009AF36A /* PopupActivityViewTests */,
			);
		};
/* End PBXProject section */

/* Begin PBXResourcesBuildPhase section */
		ACBA2D081A41A48D009AF36A /* Resources */ = {
			isa = PBXResourcesBuildPhase;
			buildActionMask = 2147483647;
			files = (
				ACBA2D191A41A48D009AF36A /* Main.storyboard in Resources */,
				ACBA2D1E1A41A48D009AF36A /* LaunchScreen.xib in Resources */,
				ACBA2D1B1A41A48D009AF36A /* Images.xcassets in Resources */,
			);
			runOnlyForDeploymentPostprocessing = 0;
		};
		ACBA2D211A41A48D009AF36A /* Resources */ = {
			isa = PBXResourcesBuildPhase;
			buildActionMask = 2147483647;
			files = (
			);
			runOnlyForDeploymentPostprocessing = 0;
		};
/* End PBXResourcesBuildPhase section */

/* Begin PBXSourcesBuildPhase section */
		ACBA2D061A41A48D009AF36A /* Sources */ = {
			isa = PBXSourcesBuildPhase;
			buildActionMask = 2147483647;
			files = (
				AC8546FF1A440A8400656164 /* PopupActivityItem.m in Sources */,
				ACBA2D161A41A48D009AF36A /* ViewController.m in Sources */,
				AC8547021A441C6800656164 /* CustomizeItem.m in Sources */,
				ACBA2D131A41A48D009AF36A /* AppDelegate.m in Sources */,
				ACBA2D361A41A4D7009AF36A /* PopupActivityView.m in Sources */,
				ACBA2D101A41A48D009AF36A /* main.m in Sources */,
			);
			runOnlyForDeploymentPostprocessing = 0;
		};
		ACBA2D1F1A41A48D009AF36A /* Sources */ = {
			isa = PBXSourcesBuildPhase;
			buildActionMask = 2147483647;
			files = (
				ACBA2D2A1A41A48D009AF36A /* PopupActivityViewTests.m in Sources */,
			);
			runOnlyForDeploymentPostprocessing = 0;
		};
/* End PBXSourcesBuildPhase section */

/* Begin PBXTargetDependency section */
		ACBA2D251A41A48D009AF36A /* PBXTargetDependency */ = {
			isa = PBXTargetDependency;
			target = ACBA2D091A41A48D009AF36A /* PopupActivityView */;
			targetProxy = ACBA2D241A41A48D009AF36A /* PBXContainerItemProxy */;
		};
/* End PBXTargetDependency section */

/* Begin PBXVariantGroup section */
		ACBA2D171A41A48D009AF36A /* Main.storyboard */ = {
			isa = PBXVariantGroup;
			children = (
				ACBA2D181A41A48D009AF36A /* Base */,
			);
			name = Main.storyboard;
			sourceTree = "<group>";
		};
		ACBA2D1C1A41A48D009AF36A /* LaunchScreen.xib */ = {
			isa = PBXVariantGroup;
			children = (
				ACBA2D1D1A41A48D009AF36A /* Base */,
			);
			name = LaunchScreen.xib;
			sourceTree = "<group>";
		};
/* End PBXVariantGroup section */

/* Begin XCBuildConfiguration section */
		ACBA2D2B1A41A48D009AF36A /* Debug */ = {
			isa = XCBuildConfiguration;
			buildSettings = {
				ALWAYS_SEARCH_USER_PATHS = NO;
				CLANG_CXX_LANGUAGE_STANDARD = "gnu++0x";
				CLANG_CXX_LIBRARY = "libc++";
				CLANG_ENABLE_MODULES = YES;
				CLANG_ENABLE_OBJC_ARC = YES;
				CLANG_WARN_BOOL_CONVERSION = YES;
				CLANG_WARN_CONSTANT_CONVERSION = YES;
				CLANG_WARN_DIRECT_OBJC_ISA_USAGE = YES_ERROR;
				CLANG_WARN_EMPTY_BODY = YES;
				CLANG_WARN_ENUM_CONVERSION = YES;
				CLANG_WARN_INT_CONVERSION = YES;
				CLANG_WARN_OBJC_ROOT_CLASS = YES_ERROR;
				CLANG_WARN_UNREACHABLE_CODE = YES;
				CLANG_WARN__DUPLICATE_METHOD_MATCH = YES;
				"CODE_SIGN_IDENTITY[sdk=iphoneos*]" = "iPhone Developer";
				COPY_PHASE_STRIP = NO;
				ENABLE_STRICT_OBJC_MSGSEND = YES;
				GCC_C_LANGUAGE_STANDARD = gnu99;
				GCC_DYNAMIC_NO_PIC = NO;
				GCC_OPTIMIZATION_LEVEL = 0;
				GCC_PREPROCESSOR_DEFINITIONS = (
					"DEBUG=1",
					"$(inherited)",
				);
				GCC_SYMBOLS_PRIVATE_EXTERN = NO;
				GCC_WARN_64_TO_32_BIT_CONVERSION = YES;
				GCC_WARN_ABOUT_RETURN_TYPE = YES_ERROR;
				GCC_WARN_UNDECLARED_SELECTOR = YES;
				GCC_WARN_UNINITIALIZED_AUTOS = YES_AGGRESSIVE;
				GCC_WARN_UNUSED_FUNCTION = YES;
				GCC_WARN_UNUSED_VARIABLE = YES;
				IPHONEOS_DEPLOYMENT_TARGET = 8.1;
				MTL_ENABLE_DEBUG_INFO = YES;
				ONLY_ACTIVE_ARCH = YES;
				SDKROOT = iphoneos;
			};
			name = Debug;
		};
		ACBA2D2C1A41A48D009AF36A /* Release */ = {
			isa = XCBuildConfiguration;
			buildSettings = {
				ALWAYS_SEARCH_USER_PATHS = NO;
				CLANG_CXX_LANGUAGE_STANDARD = "gnu++0x";
				CLANG_CXX_LIBRARY = "libc++";
				CLANG_ENABLE_MODULES = YES;
				CLANG_ENABLE_OBJC_ARC = YES;
				CLANG_WARN_BOOL_CONVERSION = YES;
				CLANG_WARN_CONSTANT_CONVERSION = YES;
				CLANG_WARN_DIRECT_OBJC_ISA_USAGE = YES_ERROR;
				CLANG_WARN_EMPTY_BODY = YES;
				CLANG_WARN_ENUM_CONVERSION = YES;
				CLANG_WARN_INT_CONVERSION = YES;
				CLANG_WARN_OBJC_ROOT_CLASS = YES_ERROR;
				CLANG_WARN_UNREACHABLE_CODE = YES;
				CLANG_WARN__DUPLICATE_METHOD_MATCH = YES;
				"CODE_SIGN_IDENTITY[sdk=iphoneos*]" = "iPhone Developer";
				COPY_PHASE_STRIP = YES;
				ENABLE_NS_ASSERTIONS = NO;
				ENABLE_STRICT_OBJC_MSGSEND = YES;
				GCC_C_LANGUAGE_STANDARD = gnu99;
				GCC_WARN_64_TO_32_BIT_CONVERSION = YES;
				GCC_WARN_ABOUT_RETURN_TYPE = YES_ERROR;
				GCC_WARN_UNDECLARED_SELECTOR = YES;
				GCC_WARN_UNINITIALIZED_AUTOS = YES_AGGRESSIVE;
				GCC_WARN_UNUSED_FUNCTION = YES;
				GCC_WARN_UNUSED_VARIABLE = YES;
				IPHONEOS_DEPLOYMENT_TARGET = 8.1;
				MTL_ENABLE_DEBUG_INFO = NO;
				SDKROOT = iphoneos;
				VALIDATE_PRODUCT = YES;
			};
			name = Release;
		};
		ACBA2D2E1A41A48D009AF36A /* Debug */ = {
			isa = XCBuildConfiguration;
			buildSettings = {
				ASSETCATALOG_COMPILER_APPICON_NAME = AppIcon;
				INFOPLIST_FILE = PopupActivityView/Info.plist;
				LD_RUNPATH_SEARCH_PATHS = "$(inherited) @executable_path/Frameworks";
				PRODUCT_NAME = "$(TARGET_NAME)";
			};
			name = Debug;
		};
		ACBA2D2F1A41A48D009AF36A /* Release */ = {
			isa = XCBuildConfiguration;
			buildSettings = {
				ASSETCATALOG_COMPILER_APPICON_NAME = AppIcon;
				INFOPLIST_FILE = PopupActivityView/Info.plist;
				LD_RUNPATH_SEARCH_PATHS = "$(inherited) @executable_path/Frameworks";
				PRODUCT_NAME = "$(TARGET_NAME)";
			};
			name = Release;
		};
		ACBA2D311A41A48D009AF36A /* Debug */ = {
			isa = XCBuildConfiguration;
			buildSettings = {
				BUNDLE_LOADER = "$(TEST_HOST)";
				FRAMEWORK_SEARCH_PATHS = (
					"$(SDKROOT)/Developer/Library/Frameworks",
					"$(inherited)",
				);
				GCC_PREPROCESSOR_DEFINITIONS = (
					"DEBUG=1",
					"$(inherited)",
				);
				INFOPLIST_FILE = PopupActivityViewTests/Info.plist;
				LD_RUNPATH_SEARCH_PATHS = "$(inherited) @executable_path/Frameworks @loader_path/Frameworks";
				PRODUCT_NAME = "$(TARGET_NAME)";
				TEST_HOST = "$(BUILT_PRODUCTS_DIR)/PopupActivityView.app/PopupActivityView";
			};
			name = Debug;
		};
		ACBA2D321A41A48D009AF36A /* Release */ = {
			isa = XCBuildConfiguration;
			buildSettings = {
				BUNDLE_LOADER = "$(TEST_HOST)";
				FRAMEWORK_SEARCH_PATHS = (
					"$(SDKROOT)/Developer/Library/Frameworks",
					"$(inherited)",
				);
				INFOPLIST_FILE = PopupActivityViewTests/Info.plist;
				LD_RUNPATH_SEARCH_PATHS = "$(inherited) @executable_path/Frameworks @loader_path/Frameworks";
				PRODUCT_NAME = "$(TARGET_NAME)";
				TEST_HOST = "$(BUILT_PRODUCTS_DIR)/PopupActivityView.app/PopupActivityView";
			};
			name = Release;
		};
/* End XCBuildConfiguration section */

/* Begin XCConfigurationList section */
		ACBA2D051A41A48D009AF36A /* Build configuration list for PBXProject "PopupActivityView" */ = {
			isa = XCConfigurationList;
			buildConfigurations = (
				ACBA2D2B1A41A48D009AF36A /* Debug */,
				ACBA2D2C1A41A48D009AF36A /* Release */,
			);
			defaultConfigurationIsVisible = 0;
			defaultConfigurationName = Release;
		};
		ACBA2D2D1A41A48D009AF36A /* Build configuration list for PBXNativeTarget "PopupActivityView" */ = {
			isa = XCConfigurationList;
			buildConfigurations = (
				ACBA2D2E1A41A48D009AF36A /* Debug */,
				ACBA2D2F1A41A48D009AF36A /* Release */,
			);
			defaultConfigurationIsVisible = 0;
			defaultConfigurationName = Release;
		};
		ACBA2D301A41A48D009AF36A /* Build configuration list for PBXNativeTarget "PopupActivityViewTests" */ = {
			isa = XCConfigurationList;
			buildConfigurations = (
				ACBA2D311A41A48D009AF36A /* Debug */,
				ACBA2D321A41A48D009AF36A /* Release */,
			);
			defaultConfigurationIsVisible = 0;
			defaultConfigurationName = Release;
		};
/* End XCConfigurationList section */
	};
	rootObject = ACBA2D021A41A48D009AF36A /* Project object */;
}
